
Microsoft Visual Studio Solution File, Format Version 12.00
# Visual Studio Version 17
VisualStudioVersion = 17.4.33403.182
MinimumVisualStudioVersion = 10.0.40219.1
Project("{FAE04EC0-301F-11D3-BF4B-00C04F79EFBC}") = "Konzolos 1.feladat", "Konzolos 1.feladat.csproj", "{2EC381FD-835D-4984-BC8F-142753FAA7BB}"
EndProject
Global
	GlobalSection(SolutionConfigurationPlatforms) = preSolution
		Debug|Any CPU = Debug|Any CPU
		Release|Any CPU = Release|Any CPU
	EndGlobalSection
	GlobalSection(ProjectConfigurationPlatforms) = postSolution
		{2EC381FD-835D-4984-BC8F-142753FAA7BB}.Debug|Any CPU.ActiveCfg = Debug|Any CPU
		{2EC381FD-835D-4984-BC8F-142753FAA7BB}.Debug|Any CPU.Build.0 = Debug|Any CPU
		{2EC381FD-835D-4984-BC8F-142753FAA7BB}.Release|Any CPU.ActiveCfg = Release|Any CPU
		{2EC381FD-835D-4984-BC8F-142753FAA7BB}.Release|Any CPU.Build.0 = Release|Any CPU
	EndGlobalSection
	GlobalSection(SolutionProperties) = preSolution
		HideSolutionNode = FALSE
	EndGlobalSection
	GlobalSection(ExtensibilityGlobals) = postSolution
		SolutionGuid = {AB06909D-03BB-4CC5-B33C-504BFA52F240}
	EndGlobalSection
EndGlobal
